version = 1
requires-python = ">=3.12"

[[package]]
name = "copster"
version = "0.1.0"
source = { editable = "." }
dependencies = [
    { name = "sh" },
]

[package.metadata]
requires-dist = [{ name = "sh", specifier = ">=2.1.0" }]

[[package]]
name = "sh"
version = "2.1.0"
source = { registry = "https://pypi.org/simple" }
sdist = { url = "https://files.pythonhosted.org/packages/52/12/b7965006c5adc57ba5459385358bd27c4983cd490884a75be86eb1d3efeb/sh-2.1.0.tar.gz", hash = "sha256:7e27301c574bec8ca5bf6f211851357526455ee97cd27a7c4c6cc5e2375399cb", size = 345525 }
wheels = [
    { url = "https://files.pythonhosted.org/packages/00/59/f6551f49c123751e921038c24215157bd50aef375ced16cac57229678c43/sh-2.1.0-py3-none-any.whl", hash = "sha256:bf5e44178dd96a542126c2774e9b7ab1d89bfe0e2ef84d92e6d0ed7358d63d01", size = 38080 },
]
